// !$*UTF8*$!
{
	archiveVersion = 1;
	classes = {
	};
	objectVersion = 77;
	objects = {

/* Begin PBXBuildFile section */
		08ADECB52FCD55180017B592 /* librerunLib.dylib in Frameworks */ = {isa = PBXBuildFile; fileRef = 08ADECA22FCD54F60017B592 /* librerunLib.dylib */; };
/* End PBXBuildFile section */

/* Begin PBXContainerItemProxy section */
		08ADEB572FCD3BDD0017B592 /* PBXContainerItemProxy */ = {
			isa = PBXContainerItemProxy;
			containerPortal = 08ADEB412FCD3BDB0017B592 /* Project object */;
			proxyType = 1;
			remoteGlobalIDString = 08ADEB482FCD3BDB0017B592;
			remoteInfo = rerun;
		};
		08ADEB612FCD3BDD0017B592 /* PBXContainerItemProxy */ = {
			isa = PBXContainerItemProxy;
			containerPortal = 08ADEB412FCD3BDB0017B592 /* Project object */;
			proxyType = 1;
			remoteGlobalIDString = 08ADEB482FCD3BDB0017B592;
			remoteInfo = rerun;
		};
		08ADECB62FCD55180017B592 /* PBXContainerItemProxy */ = {
			isa = PBXContainerItemProxy;
			containerPortal = 08ADEB412FCD3BDB0017B592 /* Project object */;
			proxyType = 1;
			remoteGlobalIDString = 08ADECA12FCD54F60017B592;
			remoteInfo = rerunLib;
		};
/* End PBXContainerItemProxy section */

/* Begin PBXFileReference section */
		08ADEB492FCD3BDB0017B592 /* rerun.app */ = {isa = PBXFileReference; explicitFileType = wrapper.application; includeInIndex = 0; path = rerun.app; sourceTree = BUILT_PRODUCTS_DIR; };
		08ADEB562FCD3BDD0017B592 /* rerunTests.xctest */ = {isa = PBXFileReference; explicitFileType = wrapper.cfbundle; includeInIndex = 0; path = rerunTests.xctest; sourceTree = BUILT_PRODUCTS_DIR; };
		08ADEB602FCD3BDD0017B592 /* rerunUITests.xctest */ = {isa = PBXFileReference; explicitFileType = wrapper.cfbundle; includeInIndex = 0; path = rerunUITests.xctest; sourceTree = BUILT_PRODUCTS_DIR; };
		08ADECA22FCD54F60017B592 /* librerunLib.dylib */ = {isa = PBXFileReference; explicitFileType = "compiled.mach-o.dylib"; includeInIndex = 0; path = librerunLib.dylib; sourceTree = BUILT_PRODUCTS_DIR; };
		08ADECB12FCD55180017B592 /* rerunLibTests.xctest */ = {isa = PBXFileReference; explicitFileType = wrapper.cfbundle; includeInIndex = 0; path = rerunLibTests.xctest; sourceTree = BUILT_PRODUCTS_DIR; };
/* End PBXFileReference section */

/* Begin PBXFileSystemSynchronizedBuildFileExceptionSet section */
		08ADEB742FCD41D40017B592 /* Exceptions for "rerun" folder in "rerun" target */ = {
			isa = PBXFileSystemSynchronizedBuildFileExceptionSet;
			membershipExceptions = (
				Info.plist,
				Tests/rerunTests.swift,
				Tests/rerunUITests.swift,
			);
			target = 08ADEB482FCD3BDB0017B592 /* rerun */;
		};
		08ADEC732FCD519A0017B592 /* Exceptions for "rerun" folder in "rerunTests" target */ = {
			isa = PBXFileSystemSynchronizedBuildFileExceptionSet;
			membershipExceptions = (
				Tests/rerunTests.swift,
			);
			target = 08ADEB552FCD3BDD0017B592 /* rerunTests */;
		};
		08ADEC742FCD519D0017B592 /* Exceptions for "rerun" folder in "rerunUITests" target */ = {
			isa = PBXFileSystemSynchronizedBuildFileExceptionSet;
			membershipExceptions = (
				Tests/rerunUITests.swift,
			);
			target = 08ADEB5F2FCD3BDD0017B592 /* rerunUITests */;
		};
		08ADECC02FCD55430017B592 /* Exceptions for "rerunLib" folder in "rerunLib" target */ = {
			isa = PBXFileSystemSynchronizedBuildFileExceptionSet;
			membershipExceptions = (
				"Sources/rerunLib-Bridging-Header.h",
			);
			target = 08ADECA12FCD54F60017B592 /* rerunLib */;
		};
/* End PBXFileSystemSynchronizedBuildFileExceptionSet section */

/* Begin PBXFileSystemSynchronizedRootGroup section */
		08ADEB4B2FCD3BDB0017B592 /* rerun */ = {
			isa = PBXFileSystemSynchronizedRootGroup;
			exceptions = (
				08ADEB742FCD41D40017B592 /* Exceptions for "rerun" folder in "rerun" target */,
				08ADEC732FCD519A0017B592 /* Exceptions for "rerun" folder in "rerunTests" target */,
				08ADEC742FCD519D0017B592 /* Exceptions for "rerun" folder in "rerunUITests" target */,
			);
			path = rerun;
			sourceTree = "<group>";
		};
		08ADECA32FCD54F60017B592 /* rerunLib */ = {
			isa = PBXFileSystemSynchronizedRootGroup;
			exceptions = (
				08ADECC02FCD55430017B592 /* Exceptions for "rerunLib" folder in "rerunLib" target */,
			);
			path = rerunLib;
			sourceTree = "<group>";
		};
		08ADECB22FCD55180017B592 /* rerunLibTests */ = {
			isa = PBXFileSystemSynchronizedRootGroup;
			path = rerunLibTests;
			sourceTree = "<group>";
		};
/* End PBXFileSystemSynchronizedRootGroup section */

/* Begin PBXFrameworksBuildPhase section */
		08ADEB462FCD3BDB0017B592 /* Frameworks */ = {
			isa = PBXFrameworksBuildPhase;
			buildActionMask = 2147483647;
			files = (
			);
			runOnlyForDeploymentPostprocessing = 0;
		};
		08ADEB532FCD3BDD0017B592 /* Frameworks */ = {
			isa = PBXFrameworksBuildPhase;
			buildActionMask = 2147483647;
			files = (
			);
			runOnlyForDeploymentPostprocessing = 0;
		};
		08ADEB5D2FCD3BDD0017B592 /* Frameworks */ = {
			isa = PBXFrameworksBuildPhase;
			buildActionMask = 2147483647;
			files = (
			);
			runOnlyForDeploymentPostprocessing = 0;
		};
		08ADECA02FCD54F60017B592 /* Frameworks */ = {
			isa = PBXFrameworksBuildPhase;
			buildActionMask = 2147483647;
			files = (
			);
			runOnlyForDeploymentPostprocessing = 0;
		};
		08ADECAE2FCD55180017B592 /* Frameworks */ = {
			isa = PBXFrameworksBuildPhase;
			buildActionMask = 2147483647;
			files = (
				08ADECB52FCD55180017B592 /* librerunLib.dylib in Frameworks */,
			);
			runOnlyForDeploymentPostprocessing = 0;
		};
/* End PBXFrameworksBuildPhase section */

/* Begin PBXGroup section */
		08ADEB402FCD3BDB0017B592 = {
			isa = PBXGroup;
			children = (
				08ADEB4B2FCD3BDB0017B592 /* rerun */,
				08ADECA32FCD54F60017B592 /* rerunLib */,
				08ADECB22FCD55180017B592 /* rerunLibTests */,
				08ADEB4A2FCD3BDB0017B592 /* Products */,
			);
			sourceTree = "<group>";
		};
		08ADEB4A2FCD3BDB0017B592 /* Products */ = {
			isa = PBXGroup;
			children = (
				08ADEB492FCD3BDB0017B592 /* rerun.app */,
				08ADEB562FCD3BDD0017B592 /* rerunTests.xctest */,
				08ADEB602FCD3BDD0017B592 /* rerunUITests.xctest */,
				08ADECA22FCD54F60017B592 /* librerunLib.dylib */,
				08ADECB12FCD55180017B592 /* rerunLibTests.xctest */,
			);
			name = Products;
			sourceTree = "<group>";
		};
/* End PBXGroup section */

/* Begin PBXHeadersBuildPhase section */
		08ADEC9E2FCD54F60017B592 /* Headers */ = {
			isa = PBXHeadersBuildPhase;
			buildActionMask = 2147483647;
			files = (
			);
			runOnlyForDeploymentPostprocessing = 0;
		};
/* End PBXHeadersBuildPhase section */

/* Begin PBXNativeTarget section */
		08ADEB482FCD3BDB0017B592 /* rerun */ = {
			isa = PBXNativeTarget;
			buildConfigurationList = 08ADEB6A2FCD3BDD0017B592 /* Build configuration list for PBXNativeTarget "rerun" */;
			buildPhases = (
				08ADEB452FCD3BDB0017B592 /* Sources */,
				08ADEB462FCD3BDB0017B592 /* Frameworks */,
				08ADEB472FCD3BDB0017B592 /* Resources */,
			);
			buildRules = (
			);
			dependencies = (
			);
			fileSystemSynchronizedGroups = (
				08ADEB4B2FCD3BDB0017B592 /* rerun */,
			);
			name = rerun;
			packageProductDependencies = (
			);
			productName = rerun;
			productReference = 08ADEB492FCD3BDB0017B592 /* rerun.app */;
			productType = "com.apple.product-type.application";
		};
		08ADEB552FCD3BDD0017B592 /* rerunTests */ = {
			isa = PBXNativeTarget;
			buildConfigurationList = 08ADEB6D2FCD3BDD0017B592 /* Build configuration list for PBXNativeTarget "rerunTests" */;
			buildPhases = (
				08ADEB522FCD3BDD0017B592 /* Sources */,
				08ADEB532FCD3BDD0017B592 /* Frameworks */,
				08ADEB542FCD3BDD0017B592 /* Resources */,
			);
			buildRules = (
			);
			dependencies = (
				08ADEB582FCD3BDD0017B592 /* PBXTargetDependency */,
			);
			name = rerunTests;
			packageProductDependencies = (
			);
			productName = rerunTests;
			productReference = 08ADEB562FCD3BDD0017B592 /* rerunTests.xctest */;
			productType = "com.apple.product-type.bundle.unit-test";
		};
		08ADEB5F2FCD3BDD0017B592 /* rerunUITests */ = {
			isa = PBXNativeTarget;
			buildConfigurationList = 08ADEB702FCD3BDD0017B592 /* Build configuration list for PBXNativeTarget "rerunUITests" */;
			buildPhases = (
				08ADEB5C2FCD3BDD0017B592 /* Sources */,
				08ADEB5D2FCD3BDD0017B592 /* Frameworks */,
				08ADEB5E2FCD3BDD0017B592 /* Resources */,
			);
			buildRules = (
			);
			dependencies = (
				08ADEB622FCD3BDD0017B592 /* PBXTargetDependency */,
			);
			name = rerunUITests;
			packageProductDependencies = (
			);
			productName = rerunUITests;
			productReference = 08ADEB602FCD3BDD0017B592 /* rerunUITests.xctest */;
			productType = "com.apple.product-type.bundle.ui-testing";
		};
		08ADECA12FCD54F60017B592 /* rerunLib */ = {
			isa = PBXNativeTarget;
			buildConfigurationList = 08ADECA82FCD54F60017B592 /* Build configuration list for PBXNativeTarget "rerunLib" */;
			buildPhases = (
				08ADEC9E2FCD54F60017B592 /* Headers */,
				08ADEC9F2FCD54F60017B592 /* Sources */,
				08ADECA02FCD54F60017B592 /* Frameworks */,
			);
			buildRules = (
			);
			dependencies = (
			);
			fileSystemSynchronizedGroups = (
				08ADECA32FCD54F60017B592 /* rerunLib */,
			);
			name = rerunLib;
			packageProductDependencies = (
			);
			productName = rerunLib;
			productReference = 08ADECA22FCD54F60017B592 /* librerunLib.dylib */;
			productType = "com.apple.product-type.library.dynamic";
		};
		08ADECB02FCD55180017B592 /* rerunLibTests */ = {
			isa = PBXNativeTarget;
			buildConfigurationList = 08ADECB82FCD55180017B592 /* Build configuration list for PBXNativeTarget "rerunLibTests" */;
			buildPhases = (
				08ADECAD2FCD55180017B592 /* Sources */,
				08ADECAE2FCD55180017B592 /* Frameworks */,
				08ADECAF2FCD55180017B592 /* Resources */,
			);
			buildRules = (
			);
			dependencies = (
				08ADECB72FCD55180017B592 /* PBXTargetDependency */,
			);
			fileSystemSynchronizedGroups = (
				08ADECB22FCD55180017B592 /* rerunLibTests */,
			);
			name = rerunLibTests;
			packageProductDependencies = (
			);
			productName = rerunLibTests;
			productReference = 08ADECB12FCD55180017B592 /* rerunLibTests.xctest */;
			productType = "com.apple.product-type.bundle.unit-test";
		};
/* End PBXNativeTarget section */

/* Begin PBXProject section */
		08ADEB412FCD3BDB0017B592 /* Project object */ = {
			isa = PBXProject;
			attributes = {
				BuildIndependentTargetsInParallel = 1;
				LastSwiftUpdateCheck = 2620;
				LastUpgradeCheck = 2620;
				TargetAttributes = {
					08ADEB482FCD3BDB0017B592 = {
						CreatedOnToolsVersion = 26.2;
					};
					08ADEB552FCD3BDD0017B592 = {
						CreatedOnToolsVersion = 26.2;
						TestTargetID = 08ADEB482FCD3BDB0017B592;
					};
					08ADEB5F2FCD3BDD0017B592 = {
						CreatedOnToolsVersion = 26.2;
						TestTargetID = 08ADEB482FCD3BDB0017B592;
					};
					08ADECA12FCD54F60017B592 = {
						CreatedOnToolsVersion = 26.2;
						LastSwiftMigration = 2620;
					};
					08ADECB02FCD55180017B592 = {
						CreatedOnToolsVersion = 26.2;
					};
				};
			};
			buildConfigurationList = 08ADEB442FCD3BDB0017B592 /* Build configuration list for PBXProject "rerun" */;
			developmentRegion = en;
			hasScannedForEncodings = 0;
			knownRegions = (
				en,
				Base,
			);
			mainGroup = 08ADEB402FCD3BDB0017B592;
			minimizedProjectReferenceProxies = 1;
			preferredProjectObjectVersion = 77;
			productRefGroup = 08ADEB4A2FCD3BDB0017B592 /* Products */;
			projectDirPath = "";
			projectRoot = "";
			targets = (
				08ADEB482FCD3BDB0017B592 /* rerun */,
				08ADEB552FCD3BDD0017B592 /* rerunTests */,
				08ADEB5F2FCD3BDD0017B592 /* rerunUITests */,
				08ADECA12FCD54F60017B592 /* rerunLib */,
				08ADECB02FCD55180017B592 /* rerunLibTests */,
			);
		};
/* End PBXProject section */

/* Begin PBXResourcesBuildPhase section */
		08ADEB472FCD3BDB0017B592 /* Resources */ = {
			isa = PBXResourcesBuildPhase;
			buildActionMask = 2147483647;
			files = (
			);
			runOnlyForDeploymentPostprocessing = 0;
		};
		08ADEB542FCD3BDD0017B592 /* Resources */ = {
			isa = PBXResourcesBuildPhase;
			buildActionMask = 2147483647;
			files = (
			);
			runOnlyForDeploymentPostprocessing = 0;
		};
		08ADEB5E2FCD3BDD0017B592 /* Resources */ = {
			isa = PBXResourcesBuildPhase;
			buildActionMask = 2147483647;
			files = (
			);
			runOnlyForDeploymentPostprocessing = 0;
		};
		08ADECAF2FCD55180017B592 /* Resources */ = {
			isa = PBXResourcesBuildPhase;
			buildActionMask = 2147483647;
			files = (
			);
			runOnlyForDeploymentPostprocessing = 0;
		};
/* End PBXResourcesBuildPhase section */

/* Begin PBXSourcesBuildPhase section */
		08ADEB452FCD3BDB0017B592 /* Sources */ = {
			isa = PBXSourcesBuildPhase;
			buildActionMask = 2147483647;
			files = (
			);
			runOnlyForDeploymentPostprocessing = 0;
		};
		08ADEB522FCD3BDD0017B592 /* Sources */ = {
			isa = PBXSourcesBuildPhase;
			buildActionMask = 2147483647;
			files = (
			);
			runOnlyForDeploymentPostprocessing = 0;
		};
		08ADEB5C2FCD3BDD0017B592 /* Sources */ = {
			isa = PBXSourcesBuildPhase;
			buildActionMask = 2147483647;
			files = (
			);
			runOnlyForDeploymentPostprocessing = 0;
		};
		08ADEC9F2FCD54F60017B592 /* Sources */ = {
			isa = PBXSourcesBuildPhase;
			buildActionMask = 2147483647;
			files = (
			);
			runOnlyForDeploymentPostprocessing = 0;
		};
		08ADECAD2FCD55180017B592 /* Sources */ = {
			isa = PBXSourcesBuildPhase;
			buildActionMask = 2147483647;
			files = (
			);
			runOnlyForDeploymentPostprocessing = 0;
		};
/* End PBXSourcesBuildPhase section */

/* Begin PBXTargetDependency section */
		08ADEB582FCD3BDD0017B592 /* PBXTargetDependency */ = {
			isa = PBXTargetDependency;
			target = 08ADEB482FCD3BDB0017B592 /* rerun */;
			targetProxy = 08ADEB572FCD3BDD0017B592 /* PBXContainerItemProxy */;
		};
		08ADEB622FCD3BDD0017B592 /* PBXTargetDependency */ = {
			isa = PBXTargetDependency;
			target = 08ADEB482FCD3BDB0017B592 /* rerun */;
			targetProxy = 08ADEB612FCD3BDD0017B592 /* PBXContainerItemProxy */;
		};
		08ADECB72FCD55180017B592 /* PBXTargetDependency */ = {
			isa = PBXTargetDependency;
			target = 08ADECA12FCD54F60017B592 /* rerunLib */;
			targetProxy = 08ADECB62FCD55180017B592 /* PBXContainerItemProxy */;
		};
/* End PBXTargetDependency section */

/* Begin XCBuildConfiguration section */
		08ADEB682FCD3BDD0017B592 /* Debug */ = {
			isa = XCBuildConfiguration;
			buildSettings = {
				ALWAYS_SEARCH_USER_PATHS = NO;
				ASSETCATALOG_COMPILER_GENERATE_SWIFT_ASSET_SYMBOL_EXTENSIONS = YES;
				CLANG_ANALYZER_NONNULL = YES;
				CLANG_ANALYZER_NUMBER_OBJECT_CONVERSION = YES_AGGRESSIVE;
				CLANG_CXX_LANGUAGE_STANDARD = "gnu++20";
				CLANG_ENABLE_MODULES = YES;
				CLANG_ENABLE_OBJC_ARC = YES;
				CLANG_ENABLE_OBJC_WEAK = YES;
				CLANG_WARN_BLOCK_CAPTURE_AUTORELEASING = YES;
				CLANG_WARN_BOOL_CONVERSION = YES;
				CLANG_WARN_COMMA = YES;
				CLANG_WARN_CONSTANT_CONVERSION = YES;
				CLANG_WARN_DEPRECATED_OBJC_IMPLEMENTATIONS = YES;
				CLANG_WARN_DIRECT_OBJC_ISA_USAGE = YES_ERROR;
				CLANG_WARN_DOCUMENTATION_COMMENTS = YES;
				CLANG_WARN_EMPTY_BODY = YES;
				CLANG_WARN_ENUM_CONVERSION = YES;
				CLANG_WARN_INFINITE_RECURSION = YES;
				CLANG_WARN_INT_CONVERSION = YES;
				CLANG_WARN_NON_LITERAL_NULL_CONVERSION = YES;
				CLANG_WARN_OBJC_IMPLICIT_RETAIN_SELF = YES;
				CLANG_WARN_OBJC_LITERAL_CONVERSION = YES;
				CLANG_WARN_OBJC_ROOT_CLASS = YES_ERROR;
				CLANG_WARN_QUOTED_INCLUDE_IN_FRAMEWORK_HEADER = YES;
				CLANG_WARN_RANGE_LOOP_ANALYSIS = YES;
				CLANG_WARN_STRICT_PROTOTYPES = YES;
				CLANG_WARN_SUSPICIOUS_MOVE = YES;
				CLANG_WARN_UNGUARDED_AVAILABILITY = YES_AGGRESSIVE;
				CLANG_WARN_UNREACHABLE_CODE = YES;
				CLANG_WARN__DUPLICATE_METHOD_MATCH = YES;
				COPY_PHASE_STRIP = NO;
				DEBUG_INFORMATION_FORMAT = dwarf;
				DEVELOPMENT_TEAM = S76FF4PW5J;
				ENABLE_STRICT_OBJC_MSGSEND = YES;
				ENABLE_TESTABILITY = YES;
				ENABLE_USER_SCRIPT_SANDBOXING = YES;
				GCC_C_LANGUAGE_STANDARD = gnu17;
				GCC_DYNAMIC_NO_PIC = NO;
				GCC_NO_COMMON_BLOCKS = YES;
				GCC_OPTIMIZATION_LEVEL = 0;
				GCC_PREPROCESSOR_DEFINITIONS = (
					"DEBUG=1",
					"$(inherited)",
				);
				GCC_WARN_64_TO_32_BIT_CONVERSION = YES;
				GCC_WARN_ABOUT_RETURN_TYPE = YES_ERROR;
				GCC_WARN_UNDECLARED_SELECTOR = YES;
				GCC_WARN_UNINITIALIZED_AUTOS = YES_AGGRESSIVE;
				GCC_WARN_UNUSED_FUNCTION = YES;
				GCC_WARN_UNUSED_VARIABLE = YES;
				LOCALIZATION_PREFERS_STRING_CATALOGS = YES;
				MACOSX_DEPLOYMENT_TARGET = 26.2;
				MTL_ENABLE_DEBUG_INFO = INCLUDE_SOURCE;
				MTL_FAST_MATH = YES;
				ONLY_ACTIVE_ARCH = YES;
				SDKROOT = macosx;
				SWIFT_ACTIVE_COMPILATION_CONDITIONS = "DEBUG $(inherited)";
				SWIFT_OPTIMIZATION_LEVEL = "-Onone";
			};
			name = Debug;
		};
		08ADEB692FCD3BDD0017B592 /* Release */ = {
			isa = XCBuildConfiguration;
			buildSettings = {
				ALWAYS_SEARCH_USER_PATHS = NO;
				ASSETCATALOG_COMPILER_GENERATE_SWIFT_ASSET_SYMBOL_EXTENSIONS = YES;
				CLANG_ANALYZER_NONNULL = YES;
				CLANG_ANALYZER_NUMBER_OBJECT_CONVERSION = YES_AGGRESSIVE;
				CLANG_CXX_LANGUAGE_STANDARD = "gnu++20";
				CLANG_ENABLE_MODULES = YES;
				CLANG_ENABLE_OBJC_ARC = YES;
				CLANG_ENABLE_OBJC_WEAK = YES;
				CLANG_WARN_BLOCK_CAPTURE_AUTORELEASING = YES;
				CLANG_WARN_BOOL_CONVERSION = YES;
				CLANG_WARN_COMMA = YES;
				CLANG_WARN_CONSTANT_CONVERSION = YES;
				CLANG_WARN_DEPRECATED_OBJC_IMPLEMENTATIONS = YES;
				CLANG_WARN_DIRECT_OBJC_ISA_USAGE = YES_ERROR;
				CLANG_WARN_DOCUMENTATION_COMMENTS = YES;
				CLANG_WARN_EMPTY_BODY = YES;
				CLANG_WARN_ENUM_CONVERSION = YES;
				CLANG_WARN_INFINITE_RECURSION = YES;
				CLANG_WARN_INT_CONVERSION = YES;
				CLANG_WARN_NON_LITERAL_NULL_CONVERSION = YES;
				CLANG_WARN_OBJC_IMPLICIT_RETAIN_SELF = YES;
				CLANG_WARN_OBJC_LITERAL_CONVERSION = YES;
				CLANG_WARN_OBJC_ROOT_CLASS = YES_ERROR;
				CLANG_WARN_QUOTED_INCLUDE_IN_FRAMEWORK_HEADER = YES;
				CLANG_WARN_RANGE_LOOP_ANALYSIS = YES;
				CLANG_WARN_STRICT_PROTOTYPES = YES;
				CLANG_WARN_SUSPICIOUS_MOVE = YES;
				CLANG_WARN_UNGUARDED_AVAILABILITY = YES_AGGRESSIVE;
				CLANG_WARN_UNREACHABLE_CODE = YES;
				CLANG_WARN__DUPLICATE_METHOD_MATCH = YES;
				COPY_PHASE_STRIP = NO;
				DEBUG_INFORMATION_FORMAT = "dwarf-with-dsym";
				DEVELOPMENT_TEAM = S76FF4PW5J;
				ENABLE_NS_ASSERTIONS = NO;
				ENABLE_STRICT_OBJC_MSGSEND = YES;
				ENABLE_USER_SCRIPT_SANDBOXING = YES;
				GCC_C_LANGUAGE_STANDARD = gnu17;
				GCC_NO_COMMON_BLOCKS = YES;
				GCC_WARN_64_TO_32_BIT_CONVERSION = YES;
				GCC_WARN_ABOUT_RETURN_TYPE = YES_ERROR;
				GCC_WARN_UNDECLARED_SELECTOR = YES;
				GCC_WARN_UNINITIALIZED_AUTOS = YES_AGGRESSIVE;
				GCC_WARN_UNUSED_FUNCTION = YES;
				GCC_WARN_UNUSED_VARIABLE = YES;
				LOCALIZATION_PREFERS_STRING_CATALOGS = YES;
				MACOSX_DEPLOYMENT_TARGET = 26.2;
				MTL_ENABLE_DEBUG_INFO = NO;
				MTL_FAST_MATH = YES;
				SDKROOT = macosx;
				SWIFT_COMPILATION_MODE = wholemodule;
			};
			name = Release;
		};
		08ADEB6B2FCD3BDD0017B592 /* Debug */ = {
			isa = XCBuildConfiguration;
			buildSettings = {
				ASSETCATALOG_COMPILER_APPICON_NAME = AppIcon;
				ASSETCATALOG_COMPILER_GLOBAL_ACCENT_COLOR_NAME = AccentColor;
				CODE_SIGN_STYLE = Automatic;
				COMBINE_HIDPI_IMAGES = YES;
				CURRENT_PROJECT_VERSION = 1;
				DEVELOPMENT_TEAM = S76FF4PW5J;
				ENABLE_APP_SANDBOX = YES;
				ENABLE_HARDENED_RUNTIME = YES;
				ENABLE_PREVIEWS = YES;
				ENABLE_USER_SELECTED_FILES = readonly;
				GENERATE_INFOPLIST_FILE = YES;
				INFOPLIST_FILE = rerun/Info.plist;
				INFOPLIST_KEY_NSHumanReadableCopyright = "";
				LD_RUNPATH_SEARCH_PATHS = (
					"$(inherited)",
					"@executable_path/../Frameworks",
				);
				MARKETING_VERSION = 1.0;
				PRODUCT_BUNDLE_IDENTIFIER = net.gooop.rerun;
				PRODUCT_NAME = "$(TARGET_NAME)";
				REGISTER_APP_GROUPS = YES;
				STRING_CATALOG_GENERATE_SYMBOLS = YES;
				SWIFT_APPROACHABLE_CONCURRENCY = YES;
				SWIFT_DEFAULT_ACTOR_ISOLATION = MainActor;
				SWIFT_EMIT_LOC_STRINGS = YES;
				SWIFT_UPCOMING_FEATURE_MEMBER_IMPORT_VISIBILITY = YES;
				SWIFT_VERSION = 5.0;
			};
			name = Debug;
		};
		08ADEB6C2FCD3BDD0017B592 /* Release */ = {
			isa = XCBuildConfiguration;
			buildSettings = {
				ASSETCATALOG_COMPILER_APPICON_NAME = AppIcon;
				ASSETCATALOG_COMPILER_GLOBAL_ACCENT_COLOR_NAME = AccentColor;
				CODE_SIGN_STYLE = Automatic;
				COMBINE_HIDPI_IMAGES = YES;
				CURRENT_PROJECT_VERSION = 1;
				DEVELOPMENT_TEAM = S76FF4PW5J;
				ENABLE_APP_SANDBOX = YES;
				ENABLE_HARDENED_RUNTIME = YES;
				ENABLE_PREVIEWS = YES;
				ENABLE_USER_SELECTED_FILES = readonly;
				GENERATE_INFOPLIST_FILE = YES;
				INFOPLIST_FILE = rerun/Info.plist;
				INFOPLIST_KEY_NSHumanReadableCopyright = "";
				LD_RUNPATH_SEARCH_PATHS = (
					"$(inherited)",
					"@executable_path/../Frameworks",
				);
				MARKETING_VERSION = 1.0;
				PRODUCT_BUNDLE_IDENTIFIER = net.gooop.rerun;
				PRODUCT_NAME = "$(TARGET_NAME)";
				REGISTER_APP_GROUPS = YES;
				STRING_CATALOG_GENERATE_SYMBOLS = YES;
				SWIFT_APPROACHABLE_CONCURRENCY = YES;
				SWIFT_DEFAULT_ACTOR_ISOLATION = MainActor;
				SWIFT_EMIT_LOC_STRINGS = YES;
				SWIFT_UPCOMING_FEATURE_MEMBER_IMPORT_VISIBILITY = YES;
				SWIFT_VERSION = 5.0;
			};
			name = Release;
		};
		08ADEB6E2FCD3BDD0017B592 /* Debug */ = {
			isa = XCBuildConfiguration;
			buildSettings = {
				BUNDLE_LOADER = "$(TEST_HOST)";
				CODE_SIGN_STYLE = Automatic;
				CURRENT_PROJECT_VERSION = 1;
				DEVELOPMENT_TEAM = S76FF4PW5J;
				GENERATE_INFOPLIST_FILE = YES;
				MACOSX_DEPLOYMENT_TARGET = 26.2;
				MARKETING_VERSION = 1.0;
				PRODUCT_BUNDLE_IDENTIFIER = net.gooop.rerunTests;
				PRODUCT_NAME = "$(TARGET_NAME)";
				STRING_CATALOG_GENERATE_SYMBOLS = NO;
				SWIFT_APPROACHABLE_CONCURRENCY = YES;
				SWIFT_EMIT_LOC_STRINGS = NO;
				SWIFT_UPCOMING_FEATURE_MEMBER_IMPORT_VISIBILITY = YES;
				SWIFT_VERSION = 5.0;
				TEST_HOST = "$(BUILT_PRODUCTS_DIR)/rerun.app/$(BUNDLE_EXECUTABLE_FOLDER_PATH)/rerun";
			};
			name = Debug;
		};
		08ADEB6F2FCD3BDD0017B592 /* Release */ = {
			isa = XCBuildConfiguration;
			buildSettings = {
				BUNDLE_LOADER = "$(TEST_HOST)";
				CODE_SIGN_STYLE = Automatic;
				CURRENT_PROJECT_VERSION = 1;
				DEVELOPMENT_TEAM = S76FF4PW5J;
				GENERATE_INFOPLIST_FILE = YES;
				MACOSX_DEPLOYMENT_TARGET = 26.2;
				MARKETING_VERSION = 1.0;
				PRODUCT_BUNDLE_IDENTIFIER = net.gooop.rerunTests;
				PRODUCT_NAME = "$(TARGET_NAME)";
				STRING_CATALOG_GENERATE_SYMBOLS = NO;
				SWIFT_APPROACHABLE_CONCURRENCY = YES;
				SWIFT_EMIT_LOC_STRINGS = NO;
				SWIFT_UPCOMING_FEATURE_MEMBER_IMPORT_VISIBILITY = YES;
				SWIFT_VERSION = 5.0;
				TEST_HOST = "$(BUILT_PRODUCTS_DIR)/rerun.app/$(BUNDLE_EXECUTABLE_FOLDER_PATH)/rerun";
			};
			name = Release;
		};
		08ADEB712FCD3BDD0017B592 /* Debug */ = {
			isa = XCBuildConfiguration;
			buildSettings = {
				CODE_SIGN_STYLE = Automatic;
				CURRENT_PROJECT_VERSION = 1;
				DEVELOPMENT_TEAM = S76FF4PW5J;
				GENERATE_INFOPLIST_FILE = YES;
				MARKETING_VERSION = 1.0;
				PRODUCT_BUNDLE_IDENTIFIER = net.gooop.rerunUITests;
				PRODUCT_NAME = "$(TARGET_NAME)";
				STRING_CATALOG_GENERATE_SYMBOLS = NO;
				SWIFT_APPROACHABLE_CONCURRENCY = YES;
				SWIFT_EMIT_LOC_STRINGS = NO;
				SWIFT_UPCOMING_FEATURE_MEMBER_IMPORT_VISIBILITY = YES;
				SWIFT_VERSION = 5.0;
				TEST_TARGET_NAME = rerun;
			};
			name = Debug;
		};
		08ADEB722FCD3BDD0017B592 /* Release */ = {
			isa = XCBuildConfiguration;
			buildSettings = {
				CODE_SIGN_STYLE = Automatic;
				CURRENT_PROJECT_VERSION = 1;
				DEVELOPMENT_TEAM = S76FF4PW5J;
				GENERATE_INFOPLIST_FILE = YES;
				MARKETING_VERSION = 1.0;
				PRODUCT_BUNDLE_IDENTIFIER = net.gooop.rerunUITests;
				PRODUCT_NAME = "$(TARGET_NAME)";
				STRING_CATALOG_GENERATE_SYMBOLS = NO;
				SWIFT_APPROACHABLE_CONCURRENCY = YES;
				SWIFT_EMIT_LOC_STRINGS = NO;
				SWIFT_UPCOMING_FEATURE_MEMBER_IMPORT_VISIBILITY = YES;
				SWIFT_VERSION = 5.0;
				TEST_TARGET_NAME = rerun;
			};
			name = Release;
		};
		08ADECA92FCD54F60017B592 /* Debug */ = {
			isa = XCBuildConfiguration;
			buildSettings = {
				CLANG_ENABLE_MODULES = YES;
				CODE_SIGN_STYLE = Automatic;
				DEVELOPMENT_TEAM = S76FF4PW5J;
				DYLIB_COMPATIBILITY_VERSION = 1;
				DYLIB_CURRENT_VERSION = 1;
				EXECUTABLE_PREFIX = lib;
				PRODUCT_NAME = "$(TARGET_NAME)";
				SKIP_INSTALL = YES;
				SWIFT_OBJC_BRIDGING_HEADER = "rerunLib/Sources/rerunLib-Bridging-Header.h";
				SWIFT_OPTIMIZATION_LEVEL = "-Onone";
				SWIFT_VERSION = 6.0;
			};
			name = Debug;
		};
		08ADECAA2FCD54F60017B592 /* Release */ = {
			isa = XCBuildConfiguration;
			buildSettings = {
				CLANG_ENABLE_MODULES = YES;
				CODE_SIGN_STYLE = Automatic;
				DEVELOPMENT_TEAM = S76FF4PW5J;
				DYLIB_COMPATIBILITY_VERSION = 1;
				DYLIB_CURRENT_VERSION = 1;
				EXECUTABLE_PREFIX = lib;
				PRODUCT_NAME = "$(TARGET_NAME)";
				SKIP_INSTALL = YES;
				SWIFT_OBJC_BRIDGING_HEADER = "rerunLib/Sources/rerunLib-Bridging-Header.h";
				SWIFT_VERSION = 6.0;
			};
			name = Release;
		};
		08ADECB92FCD55180017B592 /* Debug */ = {
			isa = XCBuildConfiguration;
			buildSettings = {
				CODE_SIGN_STYLE = Automatic;
				CURRENT_PROJECT_VERSION = 1;
				DEVELOPMENT_TEAM = S76FF4PW5J;
				GENERATE_INFOPLIST_FILE = YES;
				MARKETING_VERSION = 1.0;
				PRODUCT_BUNDLE_IDENTIFIER = net.gooop.rerunLibTests;
				PRODUCT_NAME = "$(TARGET_NAME)";
				STRING_CATALOG_GENERATE_SYMBOLS = NO;
				SWIFT_APPROACHABLE_CONCURRENCY = YES;
				SWIFT_EMIT_LOC_STRINGS = NO;
				SWIFT_UPCOMING_FEATURE_MEMBER_IMPORT_VISIBILITY = YES;
				SWIFT_VERSION = 5.0;
			};
			name = Debug;
		};
		08ADECBA2FCD55180017B592 /* Release */ = {
			isa = XCBuildConfiguration;
			buildSettings = {
				CODE_SIGN_STYLE = Automatic;
				CURRENT_PROJECT_VERSION = 1;
				DEVELOPMENT_TEAM = S76FF4PW5J;
				GENERATE_INFOPLIST_FILE = YES;
				MARKETING_VERSION = 1.0;
				PRODUCT_BUNDLE_IDENTIFIER = net.gooop.rerunLibTests;
				PRODUCT_NAME = "$(TARGET_NAME)";
				STRING_CATALOG_GENERATE_SYMBOLS = NO;
				SWIFT_APPROACHABLE_CONCURRENCY = YES;
				SWIFT_EMIT_LOC_STRINGS = NO;
				SWIFT_UPCOMING_FEATURE_MEMBER_IMPORT_VISIBILITY = YES;
				SWIFT_VERSION = 5.0;
			};
			name = Release;
		};
/* End XCBuildConfiguration section */

/* Begin XCConfigurationList section */
		08ADEB442FCD3BDB0017B592 /* Build configuration list for PBXProject "rerun" */ = {
			isa = XCConfigurationList;
			buildConfigurations = (
				08ADEB682FCD3BDD0017B592 /* Debug */,
				08ADEB692FCD3BDD0017B592 /* Release */,
			);
			defaultConfigurationIsVisible = 0;
			defaultConfigurationName = Release;
		};
		08ADEB6A2FCD3BDD0017B592 /* Build configuration list for PBXNativeTarget "rerun" */ = {
			isa = XCConfigurationList;
			buildConfigurations = (
				08ADEB6B2FCD3BDD0017B592 /* Debug */,
				08ADEB6C2FCD3BDD0017B592 /* Release */,
			);
			defaultConfigurationIsVisible = 0;
			defaultConfigurationName = Release;
		};
		08ADEB6D2FCD3BDD0017B592 /* Build configuration list for PBXNativeTarget "rerunTests" */ = {
			isa = XCConfigurationList;
			buildConfigurations = (
				08ADEB6E2FCD3BDD0017B592 /* Debug */,
				08ADEB6F2FCD3BDD0017B592 /* Release */,
			);
			defaultConfigurationIsVisible = 0;
			defaultConfigurationName = Release;
		};
		08ADEB702FCD3BDD0017B592 /* Build configuration list for PBXNativeTarget "rerunUITests" */ = {
			isa = XCConfigurationList;
			buildConfigurations = (
				08ADEB712FCD3BDD0017B592 /* Debug */,
				08ADEB722FCD3BDD0017B592 /* Release */,
			);
			defaultConfigurationIsVisible = 0;
			defaultConfigurationName = Release;
		};
		08ADECA82FCD54F60017B592 /* Build configuration list for PBXNativeTarget "rerunLib" */ = {
			isa = XCConfigurationList;
			buildConfigurations = (
				08ADECA92FCD54F60017B592 /* Debug */,
				08ADECAA2FCD54F60017B592 /* Release */,
			);
			defaultConfigurationIsVisible = 0;
			defaultConfigurationName = Release;
		};
		08ADECB82FCD55180017B592 /* Build configuration list for PBXNativeTarget "rerunLibTests" */ = {
			isa = XCConfigurationList;
			buildConfigurations = (
				08ADECB92FCD55180017B592 /* Debug */,
				08ADECBA2FCD55180017B592 /* Release */,
			);
			defaultConfigurationIsVisible = 0;
			defaultConfigurationName = Release;
		};
/* End XCConfigurationList section */
	};
	rootObject = 08ADEB412FCD3BDB0017B592 /* Project object */;
}
